
Microsoft Visual Studio Solution File, Format Version 12.00
# Visual Studio Version 16
VisualStudioVersion = 16.0.31105.61
MinimumVisualStudioVersion = 10.0.40219.1
Project("{9A19103F-16F7-4668-BE54-9A1E7A4F7556}") = "InitramfsTool", "InitramfsTool\InitramfsTool.csproj", "{651C5C74-0C00-4F5A-A0E6-0A6EF48685BD}"
EndProject
Project("{9A19103F-16F7-4668-BE54-9A1E7A4F7556}") = "CpioLib", "CpioLib\CpioLib.csproj", "{CC75113A-1450-4EF6-B85C-C769F57C350F}"
	ProjectSection(ProjectDependencies) = postProject
		{578CE3A5-682A-466E-982F-DF676D6C78FE} = {578CE3A5-682A-466E-982F-DF676D6C78FE}
	EndProjectSection
EndProject
Project("{9A19103F-16F7-4668-BE54-9A1E7A4F7556}") = "RamFsLib", "RamFsLib\RamFsLib.csproj", "{412A2DCF-2766-449D-B18D-7AC1CA4C98A3}"
	ProjectSection(ProjectDependencies) = postProject
		{578CE3A5-682A-466E-982F-DF676D6C78FE} = {578CE3A5-682A-466E-982F-DF676D6C78FE}
	EndProjectSection
EndProject
Project("{9A19103F-16F7-4668-BE54-9A1E7A4F7556}") = "Extensions", "Extensions\Extensions.csproj", "{578CE3A5-682A-466E-982F-DF676D6C78FE}"
EndProject
Project("{9A19103F-16F7-4668-BE54-9A1E7A4F7556}") = "BmuTool", "BmuTool\BmuTool.csproj", "{63E7DA1C-1D8F-4BFA-8983-1DFBE76AD57A}"
EndProject
Project("{FAE04EC0-301F-11D3-BF4B-00C04F79EFBC}") = "Ext4Lib", "Ext4Lib\Ext4Lib.csproj", "{7D1C643C-A25C-4D23-B9CF-8DB7C974B90D}"
EndProject
Global
	GlobalSection(SolutionConfigurationPlatforms) = preSolution
		Debug|Any CPU = Debug|Any CPU
		Release|Any CPU = Release|Any CPU
	EndGlobalSection
	GlobalSection(ProjectConfigurationPlatforms) = postSolution
		{651C5C74-0C00-4F5A-A0E6-0A6EF48685BD}.Debug|Any CPU.ActiveCfg = Debug|Any CPU
		{651C5C74-0C00-4F5A-A0E6-0A6EF48685BD}.Debug|Any CPU.Build.0 = Debug|Any CPU
		{651C5C74-0C00-4F5A-A0E6-0A6EF48685BD}.Release|Any CPU.ActiveCfg = Release|Any CPU
		{651C5C74-0C00-4F5A-A0E6-0A6EF48685BD}.Release|Any CPU.Build.0 = Release|Any CPU
		{CC75113A-1450-4EF6-B85C-C769F57C350F}.Debug|Any CPU.ActiveCfg = Debug|Any CPU
		{CC75113A-1450-4EF6-B85C-C769F57C350F}.Debug|Any CPU.Build.0 = Debug|Any CPU
		{CC75113A-1450-4EF6-B85C-C769F57C350F}.Release|Any CPU.ActiveCfg = Release|Any CPU
		{CC75113A-1450-4EF6-B85C-C769F57C350F}.Release|Any CPU.Build.0 = Release|Any CPU
		{412A2DCF-2766-449D-B18D-7AC1CA4C98A3}.Debug|Any CPU.ActiveCfg = Debug|Any CPU
		{412A2DCF-2766-449D-B18D-7AC1CA4C98A3}.Debug|Any CPU.Build.0 = Debug|Any CPU
		{412A2DCF-2766-449D-B18D-7AC1CA4C98A3}.Release|Any CPU.ActiveCfg = Release|Any CPU
		{412A2DCF-2766-449D-B18D-7AC1CA4C98A3}.Release|Any CPU.Build.0 = Release|Any CPU
		{578CE3A5-682A-466E-982F-DF676D6C78FE}.Debug|Any CPU.ActiveCfg = Debug|Any CPU
		{578CE3A5-682A-466E-982F-DF676D6C78FE}.Debug|Any CPU.Build.0 = Debug|Any CPU
		{578CE3A5-682A-466E-982F-DF676D6C78FE}.Release|Any CPU.ActiveCfg = Release|Any CPU
		{578CE3A5-682A-466E-982F-DF676D6C78FE}.Release|Any CPU.Build.0 = Release|Any CPU
		{63E7DA1C-1D8F-4BFA-8983-1DFBE76AD57A}.Debug|Any CPU.ActiveCfg = Debug|Any CPU
		{63E7DA1C-1D8F-4BFA-8983-1DFBE76AD57A}.Debug|Any CPU.Build.0 = Debug|Any CPU
		{63E7DA1C-1D8F-4BFA-8983-1DFBE76AD57A}.Release|Any CPU.ActiveCfg = Release|Any CPU
		{63E7DA1C-1D8F-4BFA-8983-1DFBE76AD57A}.Release|Any CPU.Build.0 = Release|Any CPU
		{7D1C643C-A25C-4D23-B9CF-8DB7C974B90D}.Debug|Any CPU.ActiveCfg = Debug|Any CPU
		{7D1C643C-A25C-4D23-B9CF-8DB7C974B90D}.Debug|Any CPU.Build.0 = Debug|Any CPU
		{7D1C643C-A25C-4D23-B9CF-8DB7C974B90D}.Release|Any CPU.ActiveCfg = Release|Any CPU
		{7D1C643C-A25C-4D23-B9CF-8DB7C974B90D}.Release|Any CPU.Build.0 = Release|Any CPU
	EndGlobalSection
	GlobalSection(SolutionProperties) = preSolution
		HideSolutionNode = FALSE
	EndGlobalSection
	GlobalSection(ExtensibilityGlobals) = postSolution
		SolutionGuid = {AB408CED-798C-4B0A-911C-67380FEE10B7}
	EndGlobalSection
EndGlobal
